
Microsoft Visual Studio Solution File, Format Version 12.00
# Visual Studio 15
VisualStudioVersion = 15.0.28010.2016
MinimumVisualStudioVersion = 10.0.40219.1
Project("{FAE04EC0-301F-11D3-BF4B-00C04F79EFBC}") = "GiaoDien", "GiaoDien\GiaoDien.csproj", "{C3979BE0-F860-4F19-BE0B-0ED81DC55FD4}"
EndProject
Global
	GlobalSection(SolutionConfigurationPlatforms) = preSolution
		Debug|Any CPU = Debug|Any CPU
		Release|Any CPU = Release|Any CPU
	EndGlobalSection
	GlobalSection(ProjectConfigurationPlatforms) = postSolution
		{C3979BE0-F860-4F19-BE0B-0ED81DC55FD4}.Debug|Any CPU.ActiveCfg = Debug|Any CPU
		{C3979BE0-F860-4F19-BE0B-0ED81DC55FD4}.Debug|Any CPU.Build.0 = Debug|Any CPU
		{C3979BE0-F860-4F19-BE0B-0ED81DC55FD4}.Release|Any CPU.ActiveCfg = Release|Any CPU
		{C3979BE0-F860-4F19-BE0B-0ED81DC55FD4}.Release|Any CPU.Build.0 = Release|Any CPU
	EndGlobalSection
	GlobalSection(SolutionProperties) = preSolution
		HideSolutionNode = FALSE
	EndGlobalSection
	GlobalSection(ExtensibilityGlobals) = postSolution
		SolutionGuid = {EA604630-FE62-417D-A54B-13C91BD7FBF6}
	EndGlobalSection
EndGlobal
